
Microsoft Visual Studio Solution File, Format Version 12.00
Project("{FAE04EC0-301F-11D3-BF4B-00C04F79EFBC}") = "ShortLinks", "ShortLinks\ShortLinks.csproj", "{70CE3D0D-C673-4377-8E0B-50E7A37CC110}"
EndProject
Project("{FAE04EC0-301F-11D3-BF4B-00C04F79EFBC}") = "ShortLinks.Application", "ShortLinks.Application\ShortLinks.Application.csproj", "{6E960E27-D4ED-4F85-83FA-1FDA7B1B8879}"
EndProject
Project("{FAE04EC0-301F-11D3-BF4B-00C04F79EFBC}") = "ShortLinks.Domain", "ShortLinks.Domain\ShortLinks.Domain.csproj", "{4C1C5ED2-CCBE-4BC3-8C1A-3BFB5F7BF9EC}"
EndProject
Project("{FAE04EC0-301F-11D3-BF4B-00C04F79EFBC}") = "ShortLinks.Presentation.Api", "ShortLinks.Presentation.Api\ShortLinks.Presentation.Api.csproj", "{42807087-B1A8-4A5D-B164-BBBAE883A7CC}"
EndProject
Project("{FAE04EC0-301F-11D3-BF4B-00C04F79EFBC}") = "ShortLinks.Tests", "ShortLinks.Tests\ShortLinks.Tests.csproj", "{1BF34424-1C7C-4C84-B553-C80D66C8EC54}"
EndProject
Global
	GlobalSection(SolutionConfigurationPlatforms) = preSolution
		Debug|Any CPU = Debug|Any CPU
		Release|Any CPU = Release|Any CPU
	EndGlobalSection
	GlobalSection(ProjectConfigurationPlatforms) = postSolution
		{70CE3D0D-C673-4377-8E0B-50E7A37CC110}.Debug|Any CPU.ActiveCfg = Debug|Any CPU
		{70CE3D0D-C673-4377-8E0B-50E7A37CC110}.Debug|Any CPU.Build.0 = Debug|Any CPU
		{70CE3D0D-C673-4377-8E0B-50E7A37CC110}.Release|Any CPU.ActiveCfg = Release|Any CPU
		{70CE3D0D-C673-4377-8E0B-50E7A37CC110}.Release|Any CPU.Build.0 = Release|Any CPU
		{6E960E27-D4ED-4F85-83FA-1FDA7B1B8879}.Debug|Any CPU.ActiveCfg = Debug|Any CPU
		{6E960E27-D4ED-4F85-83FA-1FDA7B1B8879}.Debug|Any CPU.Build.0 = Debug|Any CPU
		{6E960E27-D4ED-4F85-83FA-1FDA7B1B8879}.Release|Any CPU.ActiveCfg = Release|Any CPU
		{6E960E27-D4ED-4F85-83FA-1FDA7B1B8879}.Release|Any CPU.Build.0 = Release|Any CPU
		{4C1C5ED2-CCBE-4BC3-8C1A-3BFB5F7BF9EC}.Debug|Any CPU.ActiveCfg = Debug|Any CPU
		{4C1C5ED2-CCBE-4BC3-8C1A-3BFB5F7BF9EC}.Debug|Any CPU.Build.0 = Debug|Any CPU
		{4C1C5ED2-CCBE-4BC3-8C1A-3BFB5F7BF9EC}.Release|Any CPU.ActiveCfg = Release|Any CPU
		{4C1C5ED2-CCBE-4BC3-8C1A-3BFB5F7BF9EC}.Release|Any CPU.Build.0 = Release|Any CPU
		{42807087-B1A8-4A5D-B164-BBBAE883A7CC}.Debug|Any CPU.ActiveCfg = Debug|Any CPU
		{42807087-B1A8-4A5D-B164-BBBAE883A7CC}.Debug|Any CPU.Build.0 = Debug|Any CPU
		{42807087-B1A8-4A5D-B164-BBBAE883A7CC}.Release|Any CPU.ActiveCfg = Release|Any CPU
		{42807087-B1A8-4A5D-B164-BBBAE883A7CC}.Release|Any CPU.Build.0 = Release|Any CPU
		{1BF34424-1C7C-4C84-B553-C80D66C8EC54}.Debug|Any CPU.ActiveCfg = Debug|Any CPU
		{1BF34424-1C7C-4C84-B553-C80D66C8EC54}.Debug|Any CPU.Build.0 = Debug|Any CPU
		{1BF34424-1C7C-4C84-B553-C80D66C8EC54}.Release|Any CPU.ActiveCfg = Release|Any CPU
		{1BF34424-1C7C-4C84-B553-C80D66C8EC54}.Release|Any CPU.Build.0 = Release|Any CPU
	EndGlobalSection
	GlobalSection(NestedProjects) = preSolution
	EndGlobalSection
EndGlobal
